
Microsoft Visual Studio Solution File, Format Version 12.00
# Visual Studio 15
VisualStudioVersion = 15.0.28307.136
MinimumVisualStudioVersion = 10.0.40219.1
Project("{FAE04EC0-301F-11D3-BF4B-00C04F79EFBC}") = "TestXamarinForms.Android", "TestXamarinForms\TestXamarinForms.Android\TestXamarinForms.Android.csproj", "{38D1B48C-0EFD-4A9C-A638-BD6F96593205}"
EndProject
Project("{FAE04EC0-301F-11D3-BF4B-00C04F79EFBC}") = "TestXamarinForms.iOS", "TestXamarinForms\TestXamarinForms.iOS\TestXamarinForms.iOS.csproj", "{6B1E9597-70B3-46B7-A81D-882B81C422D7}"
EndProject
Project("{FAE04EC0-301F-11D3-BF4B-00C04F79EFBC}") = "TestXamarinForms", "TestXamarinForms\TestXamarinForms\TestXamarinForms.csproj", "{3A2CD43A-C2A9-4596-8368-7B0AA1C7D740}"
EndProject
Global
	GlobalSection(SolutionConfigurationPlatforms) = preSolution
		Ad-Hoc|Any CPU = Ad-Hoc|Any CPU
		Ad-Hoc|iPhone = Ad-Hoc|iPhone
		Ad-Hoc|iPhoneSimulator = Ad-Hoc|iPhoneSimulator
		AppStore|Any CPU = AppStore|Any CPU
		AppStore|iPhone = AppStore|iPhone
		AppStore|iPhoneSimulator = AppStore|iPhoneSimulator
		Debug|Any CPU = Debug|Any CPU
		Debug|iPhone = Debug|iPhone
		Debug|iPhoneSimulator = Debug|iPhoneSimulator
		Release|Any CPU = Release|Any CPU
		Release|iPhone = Release|iPhone
		Release|iPhoneSimulator = Release|iPhoneSimulator
	EndGlobalSection
	GlobalSection(ProjectConfigurationPlatforms) = postSolution
		{38D1B48C-0EFD-4A9C-A638-BD6F96593205}.Ad-Hoc|Any CPU.ActiveCfg = Release|Any CPU
		{38D1B48C-0EFD-4A9C-A638-BD6F96593205}.Ad-Hoc|Any CPU.Build.0 = Release|Any CPU
		{38D1B48C-0EFD-4A9C-A638-BD6F96593205}.Ad-Hoc|Any CPU.Deploy.0 = Release|Any CPU
		{38D1B48C-0EFD-4A9C-A638-BD6F96593205}.Ad-Hoc|iPhone.ActiveCfg = Release|Any CPU
		{38D1B48C-0EFD-4A9C-A638-BD6F96593205}.Ad-Hoc|iPhone.Build.0 = Release|Any CPU
		{38D1B48C-0EFD-4A9C-A638-BD6F96593205}.Ad-Hoc|iPhone.Deploy.0 = Release|Any CPU
		{38D1B48C-0EFD-4A9C-A638-BD6F96593205}.Ad-Hoc|iPhoneSimulator.ActiveCfg = Release|Any CPU
		{38D1B48C-0EFD-4A9C-A638-BD6F96593205}.Ad-Hoc|iPhoneSimulator.Build.0 = Release|Any CPU
		{38D1B48C-0EFD-4A9C-A638-BD6F96593205}.Ad-Hoc|iPhoneSimulator.Deploy.0 = Release|Any CPU
		{38D1B48C-0EFD-4A9C-A638-BD6F96593205}.AppStore|Any CPU.ActiveCfg = Release|Any CPU
		{38D1B48C-0EFD-4A9C-A638-BD6F96593205}.AppStore|Any CPU.Build.0 = Release|Any CPU
		{38D1B48C-0EFD-4A9C-A638-BD6F96593205}.AppStore|Any CPU.Deploy.0 = Release|Any CPU
		{38D1B48C-0EFD-4A9C-A638-BD6F96593205}.AppStore|iPhone.ActiveCfg = Release|Any CPU
		{38D1B48C-0EFD-4A9C-A638-BD6F96593205}.AppStore|iPhone.Build.0 = Release|Any CPU
		{38D1B48C-0EFD-4A9C-A638-BD6F96593205}.AppStore|iPhone.Deploy.0 = Release|Any CPU
		{38D1B48C-0EFD-4A9C-A638-BD6F96593205}.AppStore|iPhoneSimulator.ActiveCfg = Release|Any CPU
		{38D1B48C-0EFD-4A9C-A638-BD6F96593205}.AppStore|iPhoneSimulator.Build.0 = Release|Any CPU
		{38D1B48C-0EFD-4A9C-A638-BD6F96593205}.AppStore|iPhoneSimulator.Deploy.0 = Release|Any CPU
		{38D1B48C-0EFD-4A9C-A638-BD6F96593205}.Debug|Any CPU.ActiveCfg = Debug|Any CPU
		{38D1B48C-0EFD-4A9C-A638-BD6F96593205}.Debug|Any CPU.Build.0 = Debug|Any CPU
		{38D1B48C-0EFD-4A9C-A638-BD6F96593205}.Debug|Any CPU.Deploy.0 = Debug|Any CPU
		{38D1B48C-0EFD-4A9C-A638-BD6F96593205}.Debug|iPhone.ActiveCfg = Debug|Any CPU
		{38D1B48C-0EFD-4A9C-A638-BD6F96593205}.Debug|iPhone.Build.0 = Debug|Any CPU
		{38D1B48C-0EFD-4A9C-A638-BD6F96593205}.Debug|iPhone.Deploy.0 = Debug|Any CPU
		{38D1B48C-0EFD-4A9C-A638-BD6F96593205}.Debug|iPhoneSimulator.ActiveCfg = Debug|Any CPU
		{38D1B48C-0EFD-4A9C-A638-BD6F96593205}.Debug|iPhoneSimulator.Build.0 = Debug|Any CPU
		{38D1B48C-0EFD-4A9C-A638-BD6F96593205}.Debug|iPhoneSimulator.Deploy.0 = Debug|Any CPU
		{38D1B48C-0EFD-4A9C-A638-BD6F96593205}.Release|Any CPU.ActiveCfg = Release|Any CPU
		{38D1B48C-0EFD-4A9C-A638-BD6F96593205}.Release|Any CPU.Build.0 = Release|Any CPU
		{38D1B48C-0EFD-4A9C-A638-BD6F96593205}.Release|Any CPU.Deploy.0 = Release|Any CPU
		{38D1B48C-0EFD-4A9C-A638-BD6F96593205}.Release|iPhone.ActiveCfg = Release|Any CPU
		{38D1B48C-0EFD-4A9C-A638-BD6F96593205}.Release|iPhone.Build.0 = Release|Any CPU
		{38D1B48C-0EFD-4A9C-A638-BD6F96593205}.Release|iPhone.Deploy.0 = Release|Any CPU
		{38D1B48C-0EFD-4A9C-A638-BD6F96593205}.Release|iPhoneSimulator.ActiveCfg = Release|Any CPU
		{38D1B48C-0EFD-4A9C-A638-BD6F96593205}.Release|iPhoneSimulator.Build.0 = Release|Any CPU
		{38D1B48C-0EFD-4A9C-A638-BD6F96593205}.Release|iPhoneSimulator.Deploy.0 = Release|Any CPU
		{6B1E9597-70B3-46B7-A81D-882B81C422D7}.Ad-Hoc|Any CPU.ActiveCfg = Ad-Hoc|iPhone
		{6B1E9597-70B3-46B7-A81D-882B81C422D7}.Ad-Hoc|Any CPU.Build.0 = Ad-Hoc|iPhone
		{6B1E9597-70B3-46B7-A81D-882B81C422D7}.Ad-Hoc|Any CPU.Deploy.0 = Ad-Hoc|iPhone
		{6B1E9597-70B3-46B7-A81D-882B81C422D7}.Ad-Hoc|iPhone.ActiveCfg = Ad-Hoc|iPhone
		{6B1E9597-70B3-46B7-A81D-882B81C422D7}.Ad-Hoc|iPhone.Build.0 = Ad-Hoc|iPhone
		{6B1E9597-70B3-46B7-A81D-882B81C422D7}.Ad-Hoc|iPhone.Deploy.0 = Ad-Hoc|iPhone
		{6B1E9597-70B3-46B7-A81D-882B81C422D7}.Ad-Hoc|iPhoneSimulator.ActiveCfg = Ad-Hoc|iPhoneSimulator
		{6B1E9597-70B3-46B7-A81D-882B81C422D7}.Ad-Hoc|iPhoneSimulator.Build.0 = Ad-Hoc|iPhoneSimulator
		{6B1E9597-70B3-46B7-A81D-882B81C422D7}.Ad-Hoc|iPhoneSimulator.Deploy.0 = Ad-Hoc|iPhoneSimulator
		{6B1E9597-70B3-46B7-A81D-882B81C422D7}.AppStore|Any CPU.ActiveCfg = AppStore|iPhone
		{6B1E9597-70B3-46B7-A81D-882B81C422D7}.AppStore|Any CPU.Build.0 = AppStore|iPhone
		{6B1E9597-70B3-46B7-A81D-882B81C422D7}.AppStore|Any CPU.Deploy.0 = AppStore|iPhone
		{6B1E9597-70B3-46B7-A81D-882B81C422D7}.AppStore|iPhone.ActiveCfg = AppStore|iPhone
		{6B1E9597-70B3-46B7-A81D-882B81C422D7}.AppStore|iPhone.Build.0 = AppStore|iPhone
		{6B1E9597-70B3-46B7-A81D-882B81C422D7}.AppStore|iPhone.Deploy.0 = AppStore|iPhone
		{6B1E9597-70B3-46B7-A81D-882B81C422D7}.AppStore|iPhoneSimulator.ActiveCfg = AppStore|iPhoneSimulator
		{6B1E9597-70B3-46B7-A81D-882B81C422D7}.AppStore|iPhoneSimulator.Build.0 = AppStore|iPhoneSimulator
		{6B1E9597-70B3-46B7-A81D-882B81C422D7}.AppStore|iPhoneSimulator.Deploy.0 = AppStore|iPhoneSimulator
		{6B1E9597-70B3-46B7-A81D-882B81C422D7}.Debug|Any CPU.ActiveCfg = Debug|iPhoneSimulator
		{6B1E9597-70B3-46B7-A81D-882B81C422D7}.Debug|Any CPU.Build.0 = Debug|iPhoneSimulator
		{6B1E9597-70B3-46B7-A81D-882B81C422D7}.Debug|Any CPU.Deploy.0 = Debug|iPhoneSimulator
		{6B1E9597-70B3-46B7-A81D-882B81C422D7}.Debug|iPhone.ActiveCfg = Debug|iPhone
		{6B1E9597-70B3-46B7-A81D-882B81C422D7}.Debug|iPhone.Build.0 = Debug|iPhone
		{6B1E9597-70B3-46B7-A81D-882B81C422D7}.Debug|iPhone.Deploy.0 = Debug|iPhone
		{6B1E9597-70B3-46B7-A81D-882B81C422D7}.Debug|iPhoneSimulator.ActiveCfg = Debug|iPhoneSimulator
		{6B1E9597-70B3-46B7-A81D-882B81C422D7}.Debug|iPhoneSimulator.Build.0 = Debug|iPhoneSimulator
		{6B1E9597-70B3-46B7-A81D-882B81C422D7}.Debug|iPhoneSimulator.Deploy.0 = Debug|iPhoneSimulator
		{6B1E9597-70B3-46B7-A81D-882B81C422D7}.Release|Any CPU.ActiveCfg = Release|iPhone
		{6B1E9597-70B3-46B7-A81D-882B81C422D7}.Release|Any CPU.Build.0 = Release|iPhone
		{6B1E9597-70B3-46B7-A81D-882B81C422D7}.Release|Any CPU.Deploy.0 = Release|iPhone
		{6B1E9597-70B3-46B7-A81D-882B81C422D7}.Release|iPhone.ActiveCfg = Release|iPhone
		{6B1E9597-70B3-46B7-A81D-882B81C422D7}.Release|iPhone.Build.0 = Release|iPhone
		{6B1E9597-70B3-46B7-A81D-882B81C422D7}.Release|iPhone.Deploy.0 = Release|iPhone
		{6B1E9597-70B3-46B7-A81D-882B81C422D7}.Release|iPhoneSimulator.ActiveCfg = Release|iPhoneSimulator
		{6B1E9597-70B3-46B7-A81D-882B81C422D7}.Release|iPhoneSimulator.Build.0 = Release|iPhoneSimulator
		{6B1E9597-70B3-46B7-A81D-882B81C422D7}.Release|iPhoneSimulator.Deploy.0 = Release|iPhoneSimulator
		{3A2CD43A-C2A9-4596-8368-7B0AA1C7D740}.Ad-Hoc|Any CPU.ActiveCfg = Debug|Any CPU
		{3A2CD43A-C2A9-4596-8368-7B0AA1C7D740}.Ad-Hoc|Any CPU.Build.0 = Debug|Any CPU
		{3A2CD43A-C2A9-4596-8368-7B0AA1C7D740}.Ad-Hoc|Any CPU.Deploy.0 = Debug|Any CPU
		{3A2CD43A-C2A9-4596-8368-7B0AA1C7D740}.Ad-Hoc|iPhone.ActiveCfg = Debug|Any CPU
		{3A2CD43A-C2A9-4596-8368-7B0AA1C7D740}.Ad-Hoc|iPhone.Build.0 = Debug|Any CPU
		{3A2CD43A-C2A9-4596-8368-7B0AA1C7D740}.Ad-Hoc|iPhone.Deploy.0 = Debug|Any CPU
		{3A2CD43A-C2A9-4596-8368-7B0AA1C7D740}.Ad-Hoc|iPhoneSimulator.ActiveCfg = Debug|Any CPU
		{3A2CD43A-C2A9-4596-8368-7B0AA1C7D740}.Ad-Hoc|iPhoneSimulator.Build.0 = Debug|Any CPU
		{3A2CD43A-C2A9-4596-8368-7B0AA1C7D740}.Ad-Hoc|iPhoneSimulator.Deploy.0 = Debug|Any CPU
		{3A2CD43A-C2A9-4596-8368-7B0AA1C7D740}.AppStore|Any CPU.ActiveCfg = Debug|Any CPU
		{3A2CD43A-C2A9-4596-8368-7B0AA1C7D740}.AppStore|Any CPU.Build.0 = Debug|Any CPU
		{3A2CD43A-C2A9-4596-8368-7B0AA1C7D740}.AppStore|Any CPU.Deploy.0 = Debug|Any CPU
		{3A2CD43A-C2A9-4596-8368-7B0AA1C7D740}.AppStore|iPhone.ActiveCfg = Debug|Any CPU
		{3A2CD43A-C2A9-4596-8368-7B0AA1C7D740}.AppStore|iPhone.Build.0 = Debug|Any CPU
		{3A2CD43A-C2A9-4596-8368-7B0AA1C7D740}.AppStore|iPhone.Deploy.0 = Debug|Any CPU
		{3A2CD43A-C2A9-4596-8368-7B0AA1C7D740}.AppStore|iPhoneSimulator.ActiveCfg = Debug|Any CPU
		{3A2CD43A-C2A9-4596-8368-7B0AA1C7D740}.AppStore|iPhoneSimulator.Build.0 = Debug|Any CPU
		{3A2CD43A-C2A9-4596-8368-7B0AA1C7D740}.AppStore|iPhoneSimulator.Deploy.0 = Debug|Any CPU
		{3A2CD43A-C2A9-4596-8368-7B0AA1C7D740}.Debug|Any CPU.ActiveCfg = Debug|Any CPU
		{3A2CD43A-C2A9-4596-8368-7B0AA1C7D740}.Debug|Any CPU.Build.0 = Debug|Any CPU
		{3A2CD43A-C2A9-4596-8368-7B0AA1C7D740}.Debug|Any CPU.Deploy.0 = Debug|Any CPU
		{3A2CD43A-C2A9-4596-8368-7B0AA1C7D740}.Debug|iPhone.ActiveCfg = Debug|Any CPU
		{3A2CD43A-C2A9-4596-8368-7B0AA1C7D740}.Debug|iPhone.Build.0 = Debug|Any CPU
		{3A2CD43A-C2A9-4596-8368-7B0AA1C7D740}.Debug|iPhone.Deploy.0 = Debug|Any CPU
		{3A2CD43A-C2A9-4596-8368-7B0AA1C7D740}.Debug|iPhoneSimulator.ActiveCfg = Debug|Any CPU
		{3A2CD43A-C2A9-4596-8368-7B0AA1C7D740}.Debug|iPhoneSimulator.Build.0 = Debug|Any CPU
		{3A2CD43A-C2A9-4596-8368-7B0AA1C7D740}.Debug|iPhoneSimulator.Deploy.0 = Debug|Any CPU
		{3A2CD43A-C2A9-4596-8368-7B0AA1C7D740}.Release|Any CPU.ActiveCfg = Release|Any CPU
		{3A2CD43A-C2A9-4596-8368-7B0AA1C7D740}.Release|Any CPU.Build.0 = Release|Any CPU
		{3A2CD43A-C2A9-4596-8368-7B0AA1C7D740}.Release|Any CPU.Deploy.0 = Release|Any CPU
		{3A2CD43A-C2A9-4596-8368-7B0AA1C7D740}.Release|iPhone.ActiveCfg = Release|Any CPU
		{3A2CD43A-C2A9-4596-8368-7B0AA1C7D740}.Release|iPhone.Build.0 = Release|Any CPU
		{3A2CD43A-C2A9-4596-8368-7B0AA1C7D740}.Release|iPhone.Deploy.0 = Release|Any CPU
		{3A2CD43A-C2A9-4596-8368-7B0AA1C7D740}.Release|iPhoneSimulator.ActiveCfg = Release|Any CPU
		{3A2CD43A-C2A9-4596-8368-7B0AA1C7D740}.Release|iPhoneSimulator.Build.0 = Release|Any CPU
		{3A2CD43A-C2A9-4596-8368-7B0AA1C7D740}.Release|iPhoneSimulator.Deploy.0 = Release|Any CPU
	EndGlobalSection
	GlobalSection(SolutionProperties) = preSolution
		HideSolutionNode = FALSE
	EndGlobalSection
	GlobalSection(ExtensibilityGlobals) = postSolution
		SolutionGuid = {42B5E5B8-1497-4BEB-9088-386DD1AA23F1}
	EndGlobalSection
EndGlobal
